
Microsoft Visual Studio Solution File, Format Version 12.00
# Visual Studio Version 17
VisualStudioVersion = 17.14.36518.9 d17.14
MinimumVisualStudioVersion = 10.0.40219.1
Project("{FAE04EC0-301F-11D3-BF4B-00C04F79EFBC}") = "CiP-03-eWorldCupManager", "CiP-03-eWorldCupManager.csproj", "{E87F47EE-C50F-420B-B3B5-F7FB466CE241}"
EndProject
Project("{FAE04EC0-301F-11D3-BF4B-00C04F79EFBC}") = "CiP-03-eWorldCupManager.Domain", "..\CiP-03-eWorldCupManager.Domain\CiP-03-eWorldCupManager.Domain.csproj", "{ACC4617A-7558-46BC-81FE-3F142995406E}"
EndProject
Project("{FAE04EC0-301F-11D3-BF4B-00C04F79EFBC}") = "CiP-03-eWorldCupManager.Application", "..\CiP-03-eWorldCupManager.Application\CiP-03-eWorldCupManager.Application.csproj", "{699CBF87-16ED-499B-B103-0ADB53CCF0B8}"
EndProject
Project("{FAE04EC0-301F-11D3-BF4B-00C04F79EFBC}") = "CiP-03-eWorldCupManager.Infrastructure", "..\CiP-03-eWorldCupManager.Infrastructure\CiP-03-eWorldCupManager.Infrastructure.csproj", "{A2E76570-D01C-4D59-B01D-2C3D86D86CBC}"
EndProject
Global
	GlobalSection(SolutionConfigurationPlatforms) = preSolution
		Debug|Any CPU = Debug|Any CPU
		Release|Any CPU = Release|Any CPU
	EndGlobalSection
	GlobalSection(ProjectConfigurationPlatforms) = postSolution
		{E87F47EE-C50F-420B-B3B5-F7FB466CE241}.Debug|Any CPU.ActiveCfg = Debug|Any CPU
		{E87F47EE-C50F-420B-B3B5-F7FB466CE241}.Debug|Any CPU.Build.0 = Debug|Any CPU
		{E87F47EE-C50F-420B-B3B5-F7FB466CE241}.Release|Any CPU.ActiveCfg = Release|Any CPU
		{E87F47EE-C50F-420B-B3B5-F7FB466CE241}.Release|Any CPU.Build.0 = Release|Any CPU
		{ACC4617A-7558-46BC-81FE-3F142995406E}.Debug|Any CPU.ActiveCfg = Debug|Any CPU
		{ACC4617A-7558-46BC-81FE-3F142995406E}.Debug|Any CPU.Build.0 = Debug|Any CPU
		{ACC4617A-7558-46BC-81FE-3F142995406E}.Release|Any CPU.ActiveCfg = Release|Any CPU
		{ACC4617A-7558-46BC-81FE-3F142995406E}.Release|Any CPU.Build.0 = Release|Any CPU
		{699CBF87-16ED-499B-B103-0ADB53CCF0B8}.Debug|Any CPU.ActiveCfg = Debug|Any CPU
		{699CBF87-16ED-499B-B103-0ADB53CCF0B8}.Debug|Any CPU.Build.0 = Debug|Any CPU
		{699CBF87-16ED-499B-B103-0ADB53CCF0B8}.Release|Any CPU.ActiveCfg = Release|Any CPU
		{699CBF87-16ED-499B-B103-0ADB53CCF0B8}.Release|Any CPU.Build.0 = Release|Any CPU
		{A2E76570-D01C-4D59-B01D-2C3D86D86CBC}.Debug|Any CPU.ActiveCfg = Debug|Any CPU
		{A2E76570-D01C-4D59-B01D-2C3D86D86CBC}.Debug|Any CPU.Build.0 = Debug|Any CPU
		{A2E76570-D01C-4D59-B01D-2C3D86D86CBC}.Release|Any CPU.ActiveCfg = Release|Any CPU
		{A2E76570-D01C-4D59-B01D-2C3D86D86CBC}.Release|Any CPU.Build.0 = Release|Any CPU
	EndGlobalSection
	GlobalSection(SolutionProperties) = preSolution
		HideSolutionNode = FALSE
	EndGlobalSection
	GlobalSection(ExtensibilityGlobals) = postSolution
		SolutionGuid = {9204A213-071E-443A-B1A5-4BAD6FBE26FC}
	EndGlobalSection
EndGlobal
